
Microsoft Visual Studio Solution File, Format Version 12.00
# Visual Studio Version 17
VisualStudioVersion = 17.14.36301.6 d17.14
MinimumVisualStudioVersion = 10.0.40219.1
Project("{FAE04EC0-301F-11D3-BF4B-00C04F79EFBC}") = "RoutingWithMVC", "RoutingWithMVC\RoutingWithMVC.csproj", "{E530FCBD-87FF-4FFD-81F9-2773611A981E}"
EndProject
Global
	GlobalSection(SolutionConfigurationPlatforms) = preSolution
		Debug|Any CPU = Debug|Any CPU
		Release|Any CPU = Release|Any CPU
	EndGlobalSection
	GlobalSection(ProjectConfigurationPlatforms) = postSolution
		{E530FCBD-87FF-4FFD-81F9-2773611A981E}.Debug|Any CPU.ActiveCfg = Debug|Any CPU
		{E530FCBD-87FF-4FFD-81F9-2773611A981E}.Debug|Any CPU.Build.0 = Debug|Any CPU
		{E530FCBD-87FF-4FFD-81F9-2773611A981E}.Release|Any CPU.ActiveCfg = Release|Any CPU
		{E530FCBD-87FF-4FFD-81F9-2773611A981E}.Release|Any CPU.Build.0 = Release|Any CPU
	EndGlobalSection
	GlobalSection(SolutionProperties) = preSolution
		HideSolutionNode = FALSE
	EndGlobalSection
	GlobalSection(ExtensibilityGlobals) = postSolution
		SolutionGuid = {B3AD7F0B-8F02-42EB-9243-A576FC7311AA}
	EndGlobalSection
EndGlobal
