
Microsoft Visual Studio Solution File, Format Version 12.00
# Visual Studio Version 17
VisualStudioVersion = 17.14.36301.6 d17.14
MinimumVisualStudioVersion = 10.0.40219.1
Project("{FAE04EC0-301F-11D3-BF4B-00C04F79EFBC}") = "AspCoreWebAppEmpty_02", "AspCoreWebAppEmpty_02\AspCoreWebAppEmpty_02.csproj", "{C233814D-CEF4-400B-9086-C08403043DAE}"
EndProject
Global
	GlobalSection(SolutionConfigurationPlatforms) = preSolution
		Debug|Any CPU = Debug|Any CPU
		Release|Any CPU = Release|Any CPU
	EndGlobalSection
	GlobalSection(ProjectConfigurationPlatforms) = postSolution
		{C233814D-CEF4-400B-9086-C08403043DAE}.Debug|Any CPU.ActiveCfg = Debug|Any CPU
		{C233814D-CEF4-400B-9086-C08403043DAE}.Debug|Any CPU.Build.0 = Debug|Any CPU
		{C233814D-CEF4-400B-9086-C08403043DAE}.Release|Any CPU.ActiveCfg = Release|Any CPU
		{C233814D-CEF4-400B-9086-C08403043DAE}.Release|Any CPU.Build.0 = Release|Any CPU
	EndGlobalSection
	GlobalSection(SolutionProperties) = preSolution
		HideSolutionNode = FALSE
	EndGlobalSection
	GlobalSection(ExtensibilityGlobals) = postSolution
		SolutionGuid = {64E1D1EC-454B-40D5-92CB-9C9ECEA23D53}
	EndGlobalSection
EndGlobal
