
Microsoft Visual Studio Solution File, Format Version 12.00
# Visual Studio Version 17
VisualStudioVersion = 17.14.36301.6 d17.14
MinimumVisualStudioVersion = 10.0.40219.1
Project("{FAE04EC0-301F-11D3-BF4B-00C04F79EFBC}") = "AspCoreWebAppMCV_01", "AspCoreWebAppMCV_01\AspCoreWebAppMCV_01.csproj", "{9641F86A-0694-4923-89F6-C050AD0DF919}"
EndProject
Global
	GlobalSection(SolutionConfigurationPlatforms) = preSolution
		Debug|Any CPU = Debug|Any CPU
		Release|Any CPU = Release|Any CPU
	EndGlobalSection
	GlobalSection(ProjectConfigurationPlatforms) = postSolution
		{9641F86A-0694-4923-89F6-C050AD0DF919}.Debug|Any CPU.ActiveCfg = Debug|Any CPU
		{9641F86A-0694-4923-89F6-C050AD0DF919}.Debug|Any CPU.Build.0 = Debug|Any CPU
		{9641F86A-0694-4923-89F6-C050AD0DF919}.Release|Any CPU.ActiveCfg = Release|Any CPU
		{9641F86A-0694-4923-89F6-C050AD0DF919}.Release|Any CPU.Build.0 = Release|Any CPU
	EndGlobalSection
	GlobalSection(SolutionProperties) = preSolution
		HideSolutionNode = FALSE
	EndGlobalSection
	GlobalSection(ExtensibilityGlobals) = postSolution
		SolutionGuid = {D26A7846-5BF2-46C4-9AF1-FFC094503345}
	EndGlobalSection
EndGlobal
